// !$*UTF8*$!
{
	archiveVersion = 1;
	classes = {
	};
	objectVersion = 46;
	objects = {

/* Begin PBXBuildFile section */
		6F2D12D419FFEFA300B86CF7 /* UntetheredHeySiri.plist in CopyFiles */ = {isa = PBXBuildFile; fileRef = 6FF33DEC19FFEF00008401A7 /* UntetheredHeySiri.plist */; };
		6F2D12D719FFF05200B86CF7 /* NoFooterGroupSpecifier.m in Sources */ = {isa = PBXBuildFile; fileRef = 6F2D12D619FFF05200B86CF7 /* NoFooterGroupSpecifier.m */; };
		6F5E80C219FAC2EC00F5B7FD /* AssistantControllerHooks.m in Sources */ = {isa = PBXBuildFile; fileRef = 6F5E80C119FAC2EC00F5B7FD /* AssistantControllerHooks.m */; };
		6F823D791A09701A00B0DCB1 /* UntetheredHeySiriSwitch.m in Sources */ = {isa = PBXBuildFile; fileRef = 6F823D781A09701A00B0DCB1 /* UntetheredHeySiriSwitch.m */; };
		6FBB4AA31A000F780098DF2C /* main.m in Sources */ = {isa = PBXBuildFile; fileRef = 6FBB4AA21A000F780098DF2C /* main.m */; };
/* End PBXBuildFile section */

/* Begin PBXCopyFilesBuildPhase section */
		6F5BDDC119FABF9100EE4ADB /* CopyFiles */ = {
			isa = PBXCopyFilesBuildPhase;
			buildActionMask = 2147483647;
			dstPath = "";
			dstSubfolderSpec = 16;
			files = (
				6F2D12D419FFEFA300B86CF7 /* UntetheredHeySiri.plist in CopyFiles */,
			);
			runOnlyForDeploymentPostprocessing = 0;
		};
		6FBB4A9E1A000F780098DF2C /* CopyFiles */ = {
			isa = PBXCopyFilesBuildPhase;
			buildActionMask = 2147483647;
			dstPath = /usr/share/man/man1/;
			dstSubfolderSpec = 0;
			files = (
			);
			runOnlyForDeploymentPostprocessing = 1;
		};
/* End PBXCopyFilesBuildPhase section */

/* Begin PBXFileReference section */
		6F2D12D519FFF05200B86CF7 /* NoFooterGroupSpecifier.h */ = {isa = PBXFileReference; fileEncoding = 4; lastKnownFileType = sourcecode.c.h; path = NoFooterGroupSpecifier.h; sourceTree = "<group>"; };
		6F2D12D619FFF05200B86CF7 /* NoFooterGroupSpecifier.m */ = {isa = PBXFileReference; fileEncoding = 4; lastKnownFileType = sourcecode.c.objc; path = NoFooterGroupSpecifier.m; sourceTree = "<group>"; };
		6F2D12D919FFF3C800B86CF7 /* AssistantController.h */ = {isa = PBXFileReference; lastKnownFileType = sourcecode.c.h; path = AssistantController.h; sourceTree = "<group>"; };
		6F5BDDC319FABF9100EE4ADB /* UntetheredHeySiri.dylib */ = {isa = PBXFileReference; explicitFileType = "compiled.mach-o.dylib"; includeInIndex = 0; path = UntetheredHeySiri.dylib; sourceTree = BUILT_PRODUCTS_DIR; };
		6F5E80C119FAC2EC00F5B7FD /* AssistantControllerHooks.m */ = {isa = PBXFileReference; fileEncoding = 4; lastKnownFileType = sourcecode.c.objc; path = AssistantControllerHooks.m; sourceTree = "<group>"; };
		6F823D701A096FA000B0DCB1 /* UntetheredHeySiriSwitch.bundle */ = {isa = PBXFileReference; explicitFileType = wrapper.cfbundle; includeInIndex = 0; path = UntetheredHeySiriSwitch.bundle; sourceTree = BUILT_PRODUCTS_DIR; };
		6F823D731A096FA000B0DCB1 /* Info.plist */ = {isa = PBXFileReference; lastKnownFileType = text.plist.xml; path = Info.plist; sourceTree = "<group>"; };
		6F823D771A09701A00B0DCB1 /* UntetheredHeySiriSwitch.h */ = {isa = PBXFileReference; fileEncoding = 4; lastKnownFileType = sourcecode.c.h; path = UntetheredHeySiriSwitch.h; sourceTree = "<group>"; };
		6F823D781A09701A00B0DCB1 /* UntetheredHeySiriSwitch.m */ = {isa = PBXFileReference; fileEncoding = 4; lastKnownFileType = sourcecode.c.objc; path = UntetheredHeySiriSwitch.m; sourceTree = "<group>"; };
		6FBB4AA01A000F780098DF2C /* postrm */ = {isa = PBXFileReference; explicitFileType = "compiled.mach-o.executable"; includeInIndex = 0; path = postrm; sourceTree = BUILT_PRODUCTS_DIR; };
		6FBB4AA21A000F780098DF2C /* main.m */ = {isa = PBXFileReference; lastKnownFileType = sourcecode.c.objc; path = main.m; sourceTree = "<group>"; };
		6FF33DEC19FFEF00008401A7 /* UntetheredHeySiri.plist */ = {isa = PBXFileReference; lastKnownFileType = file.bplist; path = UntetheredHeySiri.plist; sourceTree = "<group>"; };
/* End PBXFileReference section */

/* Begin PBXFrameworksBuildPhase section */
		6F5BDDC019FABF9100EE4ADB /* Frameworks */ = {
			isa = PBXFrameworksBuildPhase;
			buildActionMask = 2147483647;
			files = (
			);
			runOnlyForDeploymentPostprocessing = 0;
		};
		6F823D6D1A096FA000B0DCB1 /* Frameworks */ = {
			isa = PBXFrameworksBuildPhase;
			buildActionMask = 2147483647;
			files = (
			);
			runOnlyForDeploymentPostprocessing = 0;
		};
		6FBB4A9D1A000F780098DF2C /* Frameworks */ = {
			isa = PBXFrameworksBuildPhase;
			buildActionMask = 2147483647;
			files = (
			);
			runOnlyForDeploymentPostprocessing = 0;
		};
/* End PBXFrameworksBuildPhase section */

/* Begin PBXGroup section */
		6F2D12D819FFF2EE00B86CF7 /* Helper Classes */ = {
			isa = PBXGroup;
			children = (
				6F2D12D519FFF05200B86CF7 /* NoFooterGroupSpecifier.h */,
				6F2D12D619FFF05200B86CF7 /* NoFooterGroupSpecifier.m */,
			);
			name = "Helper Classes";
			sourceTree = "<group>";
		};
		6F5BDDBA19FABF9100EE4ADB = {
			isa = PBXGroup;
			children = (
				6F5BDDC519FABF9100EE4ADB /* UntetheredHeySiri */,
				6F823D711A096FA000B0DCB1 /* FlipSwitch */,
				6FBB4AA11A000F780098DF2C /* PostRemove */,
				6F5BDDC419FABF9100EE4ADB /* Products */,
			);
			sourceTree = "<group>";
		};
		6F5BDDC419FABF9100EE4ADB /* Products */ = {
			isa = PBXGroup;
			children = (
				6F5BDDC319FABF9100EE4ADB /* UntetheredHeySiri.dylib */,
				6FBB4AA01A000F780098DF2C /* postrm */,
				6F823D701A096FA000B0DCB1 /* UntetheredHeySiriSwitch.bundle */,
			);
			name = Products;
			sourceTree = "<group>";
		};
		6F5BDDC519FABF9100EE4ADB /* UntetheredHeySiri */ = {
			isa = PBXGroup;
			children = (
				6F2D12D919FFF3C800B86CF7 /* AssistantController.h */,
				6F5E80C119FAC2EC00F5B7FD /* AssistantControllerHooks.m */,
				6F2D12D819FFF2EE00B86CF7 /* Helper Classes */,
				6FF33DEC19FFEF00008401A7 /* UntetheredHeySiri.plist */,
			);
			path = UntetheredHeySiri;
			sourceTree = "<group>";
		};
		6F823D711A096FA000B0DCB1 /* FlipSwitch */ = {
			isa = PBXGroup;
			children = (
				6F823D771A09701A00B0DCB1 /* UntetheredHeySiriSwitch.h */,
				6F823D781A09701A00B0DCB1 /* UntetheredHeySiriSwitch.m */,
				6F823D721A096FA000B0DCB1 /* Supporting Files */,
			);
			path = FlipSwitch;
			sourceTree = "<group>";
		};
		6F823D721A096FA000B0DCB1 /* Supporting Files */ = {
			isa = PBXGroup;
			children = (
				6F823D731A096FA000B0DCB1 /* Info.plist */,
			);
			name = "Supporting Files";
			sourceTree = "<group>";
		};
		6FBB4AA11A000F780098DF2C /* PostRemove */ = {
			isa = PBXGroup;
			children = (
				6FBB4AA21A000F780098DF2C /* main.m */,
			);
			path = PostRemove;
			sourceTree = "<group>";
		};
/* End PBXGroup section */

/* Begin PBXNativeTarget section */
		6F5BDDC219FABF9100EE4ADB /* UntetheredHeySiri */ = {
			isa = PBXNativeTarget;
			buildConfigurationList = 6F5BDDD719FABF9100EE4ADB /* Build configuration list for PBXNativeTarget "UntetheredHeySiri" */;
			buildPhases = (
				6F5BDDBF19FABF9100EE4ADB /* Sources */,
				6F5BDDC019FABF9100EE4ADB /* Frameworks */,
				6F5BDDC119FABF9100EE4ADB /* CopyFiles */,
			);
			buildRules = (
			);
			dependencies = (
			);
			name = UntetheredHeySiri;
			productName = UntetheredHeySiri;
			productReference = 6F5BDDC319FABF9100EE4ADB /* UntetheredHeySiri.dylib */;
			productType = "com.apple.product-type.library.dynamic";
		};
		6F823D6F1A096FA000B0DCB1 /* FlipSwitch */ = {
			isa = PBXNativeTarget;
			buildConfigurationList = 6F823D761A096FA000B0DCB1 /* Build configuration list for PBXNativeTarget "FlipSwitch" */;
			buildPhases = (
				6F823D6C1A096FA000B0DCB1 /* Sources */,
				6F823D6D1A096FA000B0DCB1 /* Frameworks */,
				6F823D6E1A096FA000B0DCB1 /* Resources */,
			);
			buildRules = (
			);
			dependencies = (
			);
			name = FlipSwitch;
			productName = FlipSwitch;
			productReference = 6F823D701A096FA000B0DCB1 /* UntetheredHeySiriSwitch.bundle */;
			productType = "com.apple.product-type.bundle";
		};
		6FBB4A9F1A000F780098DF2C /* PostRemove */ = {
			isa = PBXNativeTarget;
			buildConfigurationList = 6FBB4AA61A000F780098DF2C /* Build configuration list for PBXNativeTarget "PostRemove" */;
			buildPhases = (
				6FBB4A9C1A000F780098DF2C /* Sources */,
				6FBB4A9D1A000F780098DF2C /* Frameworks */,
				6FBB4A9E1A000F780098DF2C /* CopyFiles */,
			);
			buildRules = (
			);
			dependencies = (
			);
			name = PostRemove;
			productName = PostRemove;
			productReference = 6FBB4AA01A000F780098DF2C /* postrm */;
			productType = "com.apple.product-type.tool";
		};
/* End PBXNativeTarget section */

/* Begin PBXProject section */
		6F5BDDBB19FABF9100EE4ADB /* Project object */ = {
			isa = PBXProject;
			attributes = {
				LastUpgradeCheck = 0610;
				ORGANIZATIONNAME = "Hamza Sood";
				TargetAttributes = {
					6F5BDDC219FABF9100EE4ADB = {
						CreatedOnToolsVersion = 6.1;
					};
					6F823D6F1A096FA000B0DCB1 = {
						CreatedOnToolsVersion = 6.1;
					};
					6FBB4A9F1A000F780098DF2C = {
						CreatedOnToolsVersion = 6.1;
					};
				};
			};
			buildConfigurationList = 6F5BDDBE19FABF9100EE4ADB /* Build configuration list for PBXProject "UntetheredHeySiri" */;
			compatibilityVersion = "Xcode 3.2";
			developmentRegion = English;
			hasScannedForEncodings = 0;
			knownRegions = (
				en,
			);
			mainGroup = 6F5BDDBA19FABF9100EE4ADB;
			productRefGroup = 6F5BDDC419FABF9100EE4ADB /* Products */;
			projectDirPath = "";
			projectRoot = "";
			targets = (
				6F5BDDC219FABF9100EE4ADB /* UntetheredHeySiri */,
				6F823D6F1A096FA000B0DCB1 /* FlipSwitch */,
				6FBB4A9F1A000F780098DF2C /* PostRemove */,
			);
		};
/* End PBXProject section */

/* Begin PBXResourcesBuildPhase section */
		6F823D6E1A096FA000B0DCB1 /* Resources */ = {
			isa = PBXResourcesBuildPhase;
			buildActionMask = 2147483647;
			files = (
			);
			runOnlyForDeploymentPostprocessing = 0;
		};
/* End PBXResourcesBuildPhase section */

/* Begin PBXSourcesBuildPhase section */
		6F5BDDBF19FABF9100EE4ADB /* Sources */ = {
			isa = PBXSourcesBuildPhase;
			buildActionMask = 2147483647;
			files = (
				6F2D12D719FFF05200B86CF7 /* NoFooterGroupSpecifier.m in Sources */,
				6F5E80C219FAC2EC00F5B7FD /* AssistantControllerHooks.m in Sources */,
			);
			runOnlyForDeploymentPostprocessing = 0;
		};
		6F823D6C1A096FA000B0DCB1 /* Sources */ = {
			isa = PBXSourcesBuildPhase;
			buildActionMask = 2147483647;
			files = (
				6F823D791A09701A00B0DCB1 /* UntetheredHeySiriSwitch.m in Sources */,
			);
			runOnlyForDeploymentPostprocessing = 0;
		};
		6FBB4A9C1A000F780098DF2C /* Sources */ = {
			isa = PBXSourcesBuildPhase;
			buildActionMask = 2147483647;
			files = (
				6FBB4AA31A000F780098DF2C /* main.m in Sources */,
			);
			runOnlyForDeploymentPostprocessing = 0;
		};
/* End PBXSourcesBuildPhase section */

/* Begin XCBuildConfiguration section */
		6F5BDDD519FABF9100EE4ADB /* Debug */ = {
			isa = XCBuildConfiguration;
			buildSettings = {
				ALWAYS_SEARCH_USER_PATHS = NO;
				CLANG_CXX_LANGUAGE_STANDARD = "gnu++0x";
				CLANG_CXX_LIBRARY = "libc++";
				CLANG_ENABLE_MODULES = YES;
				CLANG_WARN_BOOL_CONVERSION = YES;
				CLANG_WARN_CONSTANT_CONVERSION = YES;
				CLANG_WARN_DIRECT_OBJC_ISA_USAGE = YES_ERROR;
				CLANG_WARN_EMPTY_BODY = YES;
				CLANG_WARN_ENUM_CONVERSION = YES;
				CLANG_WARN_INT_CONVERSION = YES;
				CLANG_WARN_OBJC_ROOT_CLASS = YES_ERROR;
				CLANG_WARN_UNREACHABLE_CODE = YES;
				CLANG_WARN__DUPLICATE_METHOD_MATCH = YES;
				COPY_PHASE_STRIP = NO;
				ENABLE_STRICT_OBJC_MSGSEND = YES;
				FRAMEWORK_SEARCH_PATHS = "$(SDKROOT)/System/Library/PrivateFrameworks";
				GCC_C_LANGUAGE_STANDARD = gnu99;
				GCC_DYNAMIC_NO_PIC = NO;
				GCC_OPTIMIZATION_LEVEL = 0;
				GCC_PREPROCESSOR_DEFINITIONS = (
					"DEBUG=1",
					"$(inherited)",
				);
				GCC_SYMBOLS_PRIVATE_EXTERN = NO;
				GCC_WARN_64_TO_32_BIT_CONVERSION = YES;
				GCC_WARN_ABOUT_RETURN_TYPE = YES_ERROR;
				GCC_WARN_UNDECLARED_SELECTOR = YES;
				GCC_WARN_UNINITIALIZED_AUTOS = YES_AGGRESSIVE;
				GCC_WARN_UNUSED_FUNCTION = YES;
				GCC_WARN_UNUSED_VARIABLE = YES;
				IPHONEOS_DEPLOYMENT_TARGET = 8.1;
				MTL_ENABLE_DEBUG_INFO = YES;
				ONLY_ACTIVE_ARCH = YES;
				SDKROOT = iphoneos;
			};
			name = Debug;
		};
		6F5BDDD619FABF9100EE4ADB /* Release */ = {
			isa = XCBuildConfiguration;
			buildSettings = {
				ALWAYS_SEARCH_USER_PATHS = NO;
				CLANG_CXX_LANGUAGE_STANDARD = "gnu++0x";
				CLANG_CXX_LIBRARY = "libc++";
				CLANG_ENABLE_MODULES = YES;
				CLANG_WARN_BOOL_CONVERSION = YES;
				CLANG_WARN_CONSTANT_CONVERSION = YES;
				CLANG_WARN_DIRECT_OBJC_ISA_USAGE = YES_ERROR;
				CLANG_WARN_EMPTY_BODY = YES;
				CLANG_WARN_ENUM_CONVERSION = YES;
				CLANG_WARN_INT_CONVERSION = YES;
				CLANG_WARN_OBJC_ROOT_CLASS = YES_ERROR;
				CLANG_WARN_UNREACHABLE_CODE = YES;
				CLANG_WARN__DUPLICATE_METHOD_MATCH = YES;
				COPY_PHASE_STRIP = YES;
				ENABLE_NS_ASSERTIONS = NO;
				ENABLE_STRICT_OBJC_MSGSEND = YES;
				FRAMEWORK_SEARCH_PATHS = "$(SDKROOT)/System/Library/PrivateFrameworks";
				GCC_C_LANGUAGE_STANDARD = gnu99;
				GCC_WARN_64_TO_32_BIT_CONVERSION = YES;
				GCC_WARN_ABOUT_RETURN_TYPE = YES_ERROR;
				GCC_WARN_UNDECLARED_SELECTOR = YES;
				GCC_WARN_UNINITIALIZED_AUTOS = YES_AGGRESSIVE;
				GCC_WARN_UNUSED_FUNCTION = YES;
				GCC_WARN_UNUSED_VARIABLE = YES;
				IPHONEOS_DEPLOYMENT_TARGET = 8.1;
				MTL_ENABLE_DEBUG_INFO = NO;
				SDKROOT = iphoneos;
				VALIDATE_PRODUCT = YES;
			};
			name = Release;
		};
		6F5BDDD819FABF9100EE4ADB /* Debug */ = {
			isa = XCBuildConfiguration;
			buildSettings = {
				DYLIB_COMPATIBILITY_VERSION = 1;
				DYLIB_CURRENT_VERSION = 1;
				GCC_WARN_UNDECLARED_SELECTOR = NO;
				OTHER_LDFLAGS = "-ObjC";
				PRODUCT_NAME = "$(TARGET_NAME)";
				SKIP_INSTALL = YES;
			};
			name = Debug;
		};
		6F5BDDD919FABF9100EE4ADB /* Release */ = {
			isa = XCBuildConfiguration;
			buildSettings = {
				DYLIB_COMPATIBILITY_VERSION = 1;
				DYLIB_CURRENT_VERSION = 1;
				GCC_WARN_UNDECLARED_SELECTOR = NO;
				OTHER_LDFLAGS = "-ObjC";
				PRODUCT_NAME = "$(TARGET_NAME)";
				SKIP_INSTALL = YES;
			};
			name = Release;
		};
		6F823D741A096FA000B0DCB1 /* Debug */ = {
			isa = XCBuildConfiguration;
			buildSettings = {
				COMBINE_HIDPI_IMAGES = YES;
				GCC_PREPROCESSOR_DEFINITIONS = (
					"DEBUG=1",
					"$(inherited)",
				);
				INFOPLIST_FILE = FlipSwitch/Info.plist;
				INSTALL_PATH = "$(LOCAL_LIBRARY_DIR)/Switches";
				PRODUCT_NAME = UntetheredHeySiriSwitch;
				SKIP_INSTALL = YES;
				TARGETED_DEVICE_FAMILY = "1,2";
				WRAPPER_EXTENSION = bundle;
			};
			name = Debug;
		};
		6F823D751A096FA000B0DCB1 /* Release */ = {
			isa = XCBuildConfiguration;
			buildSettings = {
				COMBINE_HIDPI_IMAGES = YES;
				INFOPLIST_FILE = FlipSwitch/Info.plist;
				INSTALL_PATH = "$(LOCAL_LIBRARY_DIR)/Switches";
				PRODUCT_NAME = UntetheredHeySiriSwitch;
				SKIP_INSTALL = YES;
				TARGETED_DEVICE_FAMILY = "1,2";
				WRAPPER_EXTENSION = bundle;
			};
			name = Release;
		};
		6FBB4AA41A000F780098DF2C /* Debug */ = {
			isa = XCBuildConfiguration;
			buildSettings = {
				GCC_PREPROCESSOR_DEFINITIONS = (
					"DEBUG=1",
					"$(inherited)",
				);
				PRODUCT_NAME = postrm;
				TARGETED_DEVICE_FAMILY = "1,2";
			};
			name = Debug;
		};
		6FBB4AA51A000F780098DF2C /* Release */ = {
			isa = XCBuildConfiguration;
			buildSettings = {
				PRODUCT_NAME = postrm;
				TARGETED_DEVICE_FAMILY = "1,2";
			};
			name = Release;
		};
/* End XCBuildConfiguration section */

/* Begin XCConfigurationList section */
		6F5BDDBE19FABF9100EE4ADB /* Build configuration list for PBXProject "UntetheredHeySiri" */ = {
			isa = XCConfigurationList;
			buildConfigurations = (
				6F5BDDD519FABF9100EE4ADB /* Debug */,
				6F5BDDD619FABF9100EE4ADB /* Release */,
			);
			defaultConfigurationIsVisible = 0;
			defaultConfigurationName = Release;
		};
		6F5BDDD719FABF9100EE4ADB /* Build configuration list for PBXNativeTarget "UntetheredHeySiri" */ = {
			isa = XCConfigurationList;
			buildConfigurations = (
				6F5BDDD819FABF9100EE4ADB /* Debug */,
				6F5BDDD919FABF9100EE4ADB /* Release */,
			);
			defaultConfigurationIsVisible = 0;
			defaultConfigurationName = Release;
		};
		6F823D761A096FA000B0DCB1 /* Build configuration list for PBXNativeTarget "FlipSwitch" */ = {
			isa = XCConfigurationList;
			buildConfigurations = (
				6F823D741A096FA000B0DCB1 /* Debug */,
				6F823D751A096FA000B0DCB1 /* Release */,
			);
			defaultConfigurationIsVisible = 0;
			defaultConfigurationName = Release;
		};
		6FBB4AA61A000F780098DF2C /* Build configuration list for PBXNativeTarget "PostRemove" */ = {
			isa = XCConfigurationList;
			buildConfigurations = (
				6FBB4AA41A000F780098DF2C /* Debug */,
				6FBB4AA51A000F780098DF2C /* Release */,
			);
			defaultConfigurationIsVisible = 0;
			defaultConfigurationName = Release;
		};
/* End XCConfigurationList section */
	};
	rootObject = 6F5BDDBB19FABF9100EE4ADB /* Project object */;
}
